uuid: b877971d-c38d-491c-9d2f-d148f813a44e
langcode: en
status: true
dependencies:
  config:
    - block_content.type.basic
    - block_content.type.content_types
    - field.storage.paragraph.field_block
    - paragraphs.paragraphs_type.block
id: paragraph.block.field_block
field_name: field_block
entity_type: paragraph
bundle: block
label: Block
description: ''
required: false
translatable: false
default_value: {  }
default_value_callback: ''
settings:
  handler: 'default:block_content'
  handler_settings:
    target_bundles:
      basic: basic
      content_types: content_types
    sort:
      field: _none
    auto_create: false
    auto_create_bundle: basic
field_type: entity_reference
